<?xml version="1.0" encoding="UTF-8" standalone="yes" ?>
<CodeBlocks_project_file>
	<FileVersion major="1" minor="6" />
	<Project>
		<Option title="FinalBurn" />
		<Option platforms="Unix;" />
		<Option pch_mode="2" />
		<Option compiler="gcc" />
		<Build>
			<Target title="release">
				<Option output="./built/fba" prefix_auto="1" extension_auto="1" />
				<Option working_dir="./built" />
				<Option type="1" />
				<Option compiler="gcc" />
				<Option use_console_runner="0" />
				<Compiler>
					<Add option="-O2" />
					<Add option="-w" />
					<Add option="-mfpu=neon" />
					<Add option="-mfloat-abi=softfp" />
				</Compiler>
				<Linker>
					<Add option="-s" />
					<Add directory=".." />
				</Linker>
			</Target>
			<Target title="debug">
				<Option output="./built/fba-debug" prefix_auto="1" extension_auto="1" />
				<Option working_dir="./built" />
				<Option object_output=".objs-db" />
				<Option type="1" />
				<Option compiler="gcc" />
				<Option use_console_runner="0" />
				<Option parameters="/media/MAINSYSTEM/pandora/appdata/fba-dave18/roms/turfmast.zip " />
				<Compiler>
					<Add option="-w" />
					<Add option="-g" />
				</Compiler>
			</Target>
			<Target title="Quick">
				<Option output="./built/fba" prefix_auto="1" extension_auto="1" />
				<Option working_dir="./built" />
				<Option type="1" />
				<Option compiler="gcc" />
				<Option use_console_runner="0" />
				<Linker>
					<Add directory=".." />
				</Linker>
			</Target>
		</Build>
		<Compiler>
			<Add option="-march=armv7-a -mtune=cortex-a8" />
			<Add option="-finline -finline-functions" />
			<Add option="-DBUILD_SDL" />
			<Add option="-DLSB_FIRST" />
			<Add option="-DEMU_C68K" />
			<Add directory=".." />
			<Add directory="." />
			<Add directory="../.." />
			<Add directory="src/burner" />
			<Add directory="src/burner/sdl" />
			<Add directory="src/burn/drv" />
			<Add directory="src/burn/snd" />
			<Add directory="src/burn/devices" />
			<Add directory="src/burn" />
			<Add directory="src/intf/video/sdl" />
			<Add directory="src/intf/video" />
			<Add directory="src/intf/perfcount" />
			<Add directory="src/intf/input/sdl" />
			<Add directory="src/intf/input" />
			<Add directory="src/intf/cd" />
			<Add directory="src/intf/audio/sdl" />
			<Add directory="src/intf/audio" />
			<Add directory="src/intf" />
			<Add directory="../sdl" />
			<Add directory="src/cpu" />
			<Add directory="src/cpu/z80" />
			<Add directory="src/cpu/sh2" />
			<Add directory="src/cpu/s2650" />
			<Add directory="src/cpu/nec" />
			<Add directory="src/cpu/m6809" />
			<Add directory="src/cpu/m6805" />
			<Add directory="src/cpu/m6800" />
			<Add directory="src/cpu/m6502" />
			<Add directory="src/cpu/m68k" />
			<Add directory="src/cpu/konami" />
			<Add directory="src/cpu/i8039" />
			<Add directory="src/cpu/hd6309" />
			<Add directory="src/cpu/h6280" />
			<Add directory="src/cpu/arm7" />
			<Add directory="src/cpu/arm" />
			<Add directory="src/burn/drv/toaplan" />
			<Add directory="src/burn/drv/taito" />
			<Add directory="src/burn/drv/snes" />
			<Add directory="src/burn/drv/sega" />
			<Add directory="src/burn/drv/pst90s" />
			<Add directory="src/burn/drv/psikyo" />
			<Add directory="src/burn/drv/pre90s" />
			<Add directory="src/burn/drv/pgm" />
			<Add directory="src/burn/drv/neogeo" />
			<Add directory="src/burn/drv/megadrive" />
			<Add directory="src/burn/drv/konami" />
			<Add directory="src/burn/drv/irem" />
			<Add directory="src/burn/drv/galaxian" />
			<Add directory="src/burn/drv/dataeast" />
			<Add directory="src/burn/drv/cps3" />
			<Add directory="src/burn/drv/cave" />
			<Add directory="src/burn/drv/capcom" />
			<Add directory="src/cpu/cyclone" />
			<Add directory="src/cpu/drz80" />
			<Add directory="src/burner/win32" />
			<Add directory="src/intf/video/scalers" />
			<Add directory="src" />
			<Add directory="src/cpu/davez80" />
			<Add directory="src/burn/drv/pce" />
		</Compiler>
		<Linker>
			<Add library="SDL_image" />
			<Add library="SDL_mixer" />
			<Add library="z" />
			<Add library="pthread" />
			<Add library="SDL" />
			<Add library="SDL_net" />
			<Add library="png" />
			<Add library="EGL" />
			<Add library="GLESv2" />
			<Add directory="/usr/lib" />
		</Linker>
		<Unit filename="src/burn/bitswap.h" />
		<Unit filename="src/burn/burn.cpp" />
		<Unit filename="src/burn/burn.h" />
		<Unit filename="src/burn/burn_gun.cpp" />
		<Unit filename="src/burn/burn_gun.h" />
		<Unit filename="src/burn/burn_led.cpp" />
		<Unit filename="src/burn/burn_led.h" />
		<Unit filename="src/burn/burn_memory.cpp" />
		<Unit filename="src/burn/burn_sound.cpp" />
		<Unit filename="src/burn/burn_sound.h" />
		<Unit filename="src/burn/burn_sound_c.cpp" />
		<Unit filename="src/burn/burnint.h" />
		<Unit filename="src/burn/cheat.cpp" />
		<Unit filename="src/burn/cheat.h" />
		<Unit filename="src/burn/debug_track.cpp" />
		<Unit filename="src/burn/devices/8255ppi.cpp" />
		<Unit filename="src/burn/devices/8255ppi.h" />
		<Unit filename="src/burn/devices/eeprom.cpp" />
		<Unit filename="src/burn/devices/eeprom.h" />
		<Unit filename="src/burn/devices/pandora.cpp" />
		<Unit filename="src/burn/devices/pandora.h" />
		<Unit filename="src/burn/devices/seibusnd.cpp" />
		<Unit filename="src/burn/devices/seibusnd.h" />
		<Unit filename="src/burn/devices/sknsspr.cpp" />
		<Unit filename="src/burn/devices/sknsspr.h" />
		<Unit filename="src/burn/devices/timekpr.cpp" />
		<Unit filename="src/burn/devices/timekpr.h" />
		<Unit filename="src/burn/devices/v3021.cpp" />
		<Unit filename="src/burn/devices/v3021.h" />
		<Unit filename="src/burn/devices/vdc.cpp" />
		<Unit filename="src/burn/devices/vdc.h" />
		<Unit filename="src/burn/driver.h" />
		<Unit filename="src/burn/driverlist.h" />
		<Unit filename="src/burn/drv/capcom/cps.cpp" />
		<Unit filename="src/burn/drv/capcom/cps.h" />
		<Unit filename="src/burn/drv/capcom/cps2_crpt.cpp" />
		<Unit filename="src/burn/drv/capcom/cps_config.cpp" />
		<Unit filename="src/burn/drv/capcom/cps_draw.cpp" />
		<Unit filename="src/burn/drv/capcom/cps_mem.cpp" />
		<Unit filename="src/burn/drv/capcom/cps_obj.cpp" />
		<Unit filename="src/burn/drv/capcom/cps_pal.cpp" />
		<Unit filename="src/burn/drv/capcom/cps_run.cpp" />
		<Unit filename="src/burn/drv/capcom/cps_rw.cpp" />
		<Unit filename="src/burn/drv/capcom/cps_scr.cpp" />
		<Unit filename="src/burn/drv/capcom/cpsr.cpp" />
		<Unit filename="src/burn/drv/capcom/cpsrd.cpp" />
		<Unit filename="src/burn/drv/capcom/cpst.cpp" />
		<Unit filename="src/burn/drv/capcom/ctv.cpp" />
		<Unit filename="src/burn/drv/capcom/ctv_do.h" />
		<Unit filename="src/burn/drv/capcom/d_cps1.cpp" />
		<Unit filename="src/burn/drv/capcom/d_cps2.cpp" />
		<Unit filename="src/burn/drv/capcom/kabuki.cpp" />
		<Unit filename="src/burn/drv/capcom/ps.cpp" />
		<Unit filename="src/burn/drv/capcom/ps_m.cpp" />
		<Unit filename="src/burn/drv/capcom/ps_z.cpp" />
		<Unit filename="src/burn/drv/capcom/qs.cpp" />
		<Unit filename="src/burn/drv/capcom/qs_c.cpp" />
		<Unit filename="src/burn/drv/capcom/qs_z.cpp" />
		<Unit filename="src/burn/drv/cave/cave.cpp" />
		<Unit filename="src/burn/drv/cave/cave.h" />
		<Unit filename="src/burn/drv/cave/cave_palette.cpp" />
		<Unit filename="src/burn/drv/cave/cave_sprite.cpp" />
		<Unit filename="src/burn/drv/cave/cave_sprite_render.h" />
		<Unit filename="src/burn/drv/cave/cave_sprite_render_zoom.h" />
		<Unit filename="src/burn/drv/cave/cave_tile.cpp" />
		<Unit filename="src/burn/drv/cave/cave_tile_render.h" />
		<Unit filename="src/burn/drv/cave/d_dodonpachi.cpp" />
		<Unit filename="src/burn/drv/cave/d_donpachi.cpp" />
		<Unit filename="src/burn/drv/cave/d_esprade.cpp" />
		<Unit filename="src/burn/drv/cave/d_feversos.cpp" />
		<Unit filename="src/burn/drv/cave/d_gaia.cpp" />
		<Unit filename="src/burn/drv/cave/d_guwange.cpp" />
		<Unit filename="src/burn/drv/cave/d_hotdogst.cpp" />
		<Unit filename="src/burn/drv/cave/d_korokoro.cpp" />
		<Unit filename="src/burn/drv/cave/d_mazinger.cpp" />
		<Unit filename="src/burn/drv/cave/d_metmqstr.cpp" />
		<Unit filename="src/burn/drv/cave/d_pwrinst2.cpp" />
		<Unit filename="src/burn/drv/cave/d_sailormn.cpp" />
		<Unit filename="src/burn/drv/cave/d_tjumpman.cpp" />
		<Unit filename="src/burn/drv/cave/d_uopoko.cpp" />
		<Unit filename="src/burn/drv/cps3/cps3.h" />
		<Unit filename="src/burn/drv/cps3/cps3run.cpp" />
		<Unit filename="src/burn/drv/cps3/cps3snd.cpp" />
		<Unit filename="src/burn/drv/cps3/d_cps3.cpp" />
		<Unit filename="src/burn/drv/d_parent.cpp" />
		<Unit filename="src/burn/drv/dataeast/d_actfancr.cpp" />
		<Unit filename="src/burn/drv/dataeast/d_backfire.cpp" />
		<Unit filename="src/burn/drv/dataeast/d_boogwing.cpp" />
		<Unit filename="src/burn/drv/dataeast/d_cbuster.cpp" />
		<Unit filename="src/burn/drv/dataeast/d_cninja.cpp" />
		<Unit filename="src/burn/drv/dataeast/d_darkseal.cpp" />
		<Unit filename="src/burn/drv/dataeast/d_dassault.cpp" />
		<Unit filename="src/burn/drv/dataeast/d_dec0.cpp" />
		<Unit filename="src/burn/drv/dataeast/d_dec8.cpp" />
		<Unit filename="src/burn/drv/dataeast/d_dietgogo.cpp" />
		<Unit filename="src/burn/drv/dataeast/d_funkyjet.cpp" />
		<Unit filename="src/burn/drv/dataeast/d_karnov.cpp" />
		<Unit filename="src/burn/drv/dataeast/d_lemmings.cpp" />
		<Unit filename="src/burn/drv/dataeast/d_pktgaldx.cpp" />
		<Unit filename="src/burn/drv/dataeast/d_rohga.cpp" />
		<Unit filename="src/burn/drv/dataeast/d_sidepckt.cpp" />
		<Unit filename="src/burn/drv/dataeast/d_simpl156.cpp" />
		<Unit filename="src/burn/drv/dataeast/d_supbtime.cpp" />
		<Unit filename="src/burn/drv/dataeast/d_tumblep.cpp" />
		<Unit filename="src/burn/drv/dataeast/d_vaportra.cpp" />
		<Unit filename="src/burn/drv/dataeast/deco16ic.cpp" />
		<Unit filename="src/burn/drv/dataeast/deco16ic.h" />
		<Unit filename="src/burn/drv/galaxian/d_galaxian.cpp" />
		<Unit filename="src/burn/drv/galaxian/gal.h" />
		<Unit filename="src/burn/drv/galaxian/gal_gfx.cpp" />
		<Unit filename="src/burn/drv/galaxian/gal_run.cpp" />
		<Unit filename="src/burn/drv/galaxian/gal_sound.cpp" />
		<Unit filename="src/burn/drv/galaxian/gal_stars.cpp" />
		<Unit filename="src/burn/drv/irem/d_m62.cpp" />
		<Unit filename="src/burn/drv/irem/d_m63.cpp" />
		<Unit filename="src/burn/drv/irem/d_m72.cpp" />
		<Unit filename="src/burn/drv/irem/d_m90.cpp" />
		<Unit filename="src/burn/drv/irem/d_m92.cpp" />
		<Unit filename="src/burn/drv/irem/d_vigilant.cpp" />
		<Unit filename="src/burn/drv/irem/irem_cpu.cpp" />
		<Unit filename="src/burn/drv/irem/irem_cpu.h" />
		<Unit filename="src/burn/drv/konami/d_88games.cpp" />
		<Unit filename="src/burn/drv/konami/d_ajax.cpp" />
		<Unit filename="src/burn/drv/konami/d_aliens.cpp" />
		<Unit filename="src/burn/drv/konami/d_blockhl.cpp" />
		<Unit filename="src/burn/drv/konami/d_bottom9.cpp" />
		<Unit filename="src/burn/drv/konami/d_contra.cpp" />
		<Unit filename="src/burn/drv/konami/d_crimfght.cpp" />
		<Unit filename="src/burn/drv/konami/d_gberet.cpp" />
		<Unit filename="src/burn/drv/konami/d_gbusters.cpp" />
		<Unit filename="src/burn/drv/konami/d_gradius3.cpp" />
		<Unit filename="src/burn/drv/konami/d_gyruss.cpp" />
		<Unit filename="src/burn/drv/konami/d_hcastle.cpp" />
		<Unit filename="src/burn/drv/konami/d_hexion.cpp" />
		<Unit filename="src/burn/drv/konami/d_mainevt.cpp" />
		<Unit filename="src/burn/drv/konami/d_mogura.cpp" />
		<Unit filename="src/burn/drv/konami/d_parodius.cpp" />
		<Unit filename="src/burn/drv/konami/d_pooyan.cpp" />
		<Unit filename="src/burn/drv/konami/d_rollerg.cpp" />
		<Unit filename="src/burn/drv/konami/d_scotrsht.cpp" />
		<Unit filename="src/burn/drv/konami/d_simpsons.cpp" />
		<Unit filename="src/burn/drv/konami/d_spy.cpp" />
		<Unit filename="src/burn/drv/konami/d_surpratk.cpp" />
		<Unit filename="src/burn/drv/konami/d_thunderx.cpp" />
		<Unit filename="src/burn/drv/konami/d_tmnt.cpp" />
		<Unit filename="src/burn/drv/konami/d_twin16.cpp" />
		<Unit filename="src/burn/drv/konami/d_ultraman.cpp" />
		<Unit filename="src/burn/drv/konami/d_vendetta.cpp" />
		<Unit filename="src/burn/drv/konami/d_xmen.cpp" />
		<Unit filename="src/burn/drv/konami/k051316.cpp" />
		<Unit filename="src/burn/drv/konami/k051733.cpp" />
		<Unit filename="src/burn/drv/konami/k051960.cpp" />
		<Unit filename="src/burn/drv/konami/k052109.cpp" />
		<Unit filename="src/burn/drv/konami/k053245.cpp" />
		<Unit filename="src/burn/drv/konami/k053247.cpp" />
		<Unit filename="src/burn/drv/konami/k053251.cpp" />
		<Unit filename="src/burn/drv/konami/k053936.cpp" />
		<Unit filename="src/burn/drv/konami/k054000.cpp" />
		<Unit filename="src/burn/drv/konami/konamiic.cpp" />
		<Unit filename="src/burn/drv/konami/konamiic.h" />
		<Unit filename="src/burn/drv/megadrive/d_megadrive.cpp" />
		<Unit filename="src/burn/drv/megadrive/megadrive.cpp" />
		<Unit filename="src/burn/drv/megadrive/megadrive.h" />
		<Unit filename="src/burn/drv/neogeo/d_neogeo.cpp" />
		<Unit filename="src/burn/drv/neogeo/neo_decrypt.cpp" />
		<Unit filename="src/burn/drv/neogeo/neo_palette.cpp" />
		<Unit filename="src/burn/drv/neogeo/neo_run.cpp" />
		<Unit filename="src/burn/drv/neogeo/neo_sprite.cpp" />
		<Unit filename="src/burn/drv/neogeo/neo_sprite_render.h" />
		<Unit filename="src/burn/drv/neogeo/neo_text.cpp" />
		<Unit filename="src/burn/drv/neogeo/neo_text_render.h" />
		<Unit filename="src/burn/drv/neogeo/neo_upd4990a.cpp" />
		<Unit filename="src/burn/drv/neogeo/neogeo.cpp" />
		<Unit filename="src/burn/drv/neogeo/neogeo.h" />
		<Unit filename="src/burn/drv/pce/d_pce.cpp" />
		<Unit filename="src/burn/drv/pce/pce.cpp" />
		<Unit filename="src/burn/drv/pgm/d_pgm.cpp" />
		<Unit filename="src/burn/drv/pgm/pgm.h" />
		<Unit filename="src/burn/drv/pgm/pgm_crypt.cpp" />
		<Unit filename="src/burn/drv/pgm/pgm_draw.cpp" />
		<Unit filename="src/burn/drv/pgm/pgm_prot.cpp" />
		<Unit filename="src/burn/drv/pgm/pgm_run.cpp" />
		<Unit filename="src/burn/drv/pgm/pgm_sprite_create.cpp">
			<Option target="Quick" />
		</Unit>
		<Unit filename="src/burn/drv/pre90s/d_1942.cpp" />
		<Unit filename="src/burn/drv/pre90s/d_1943.cpp" />
		<Unit filename="src/burn/drv/pre90s/d_4enraya.cpp" />
		<Unit filename="src/burn/drv/pre90s/d_ambush.cpp" />
		<Unit filename="src/burn/drv/pre90s/d_arabian.cpp" />
		<Unit filename="src/burn/drv/pre90s/d_armedf.cpp" />
		<Unit filename="src/burn/drv/pre90s/d_aztarac.cpp" />
		<Unit filename="src/burn/drv/pre90s/d_baraduke.cpp" />
		<Unit filename="src/burn/drv/pre90s/d_bionicc.cpp" />
		<Unit filename="src/burn/drv/pre90s/d_blktiger.cpp" />
		<Unit filename="src/burn/drv/pre90s/d_blockout.cpp" />
		<Unit filename="src/burn/drv/pre90s/d_blueprnt.cpp" />
		<Unit filename="src/burn/drv/pre90s/d_bombjack.cpp" />
		<Unit filename="src/burn/drv/pre90s/d_commando.cpp" />
		<Unit filename="src/burn/drv/pre90s/d_ddragon.cpp" />
		<Unit filename="src/burn/drv/pre90s/d_dynduke.cpp" />
		<Unit filename="src/burn/drv/pre90s/d_epos.cpp" />
		<Unit filename="src/burn/drv/pre90s/d_exedexes.cpp" />
		<Unit filename="src/burn/drv/pre90s/d_funkybee.cpp" />
		<Unit filename="src/burn/drv/pre90s/d_galaga.cpp" />
		<Unit filename="src/burn/drv/pre90s/d_gauntlet.cpp" />
		<Unit filename="src/burn/drv/pre90s/d_ginganin.cpp" />
		<Unit filename="src/burn/drv/pre90s/d_gng.cpp" />
		<Unit filename="src/burn/drv/pre90s/d_gunsmoke.cpp" />
		<Unit filename="src/burn/drv/pre90s/d_higemaru.cpp" />
		<Unit filename="src/burn/drv/pre90s/d_ikki.cpp" />
		<Unit filename="src/burn/drv/pre90s/d_jack.cpp" />
		<Unit filename="src/burn/drv/pre90s/d_kangaroo.cpp" />
		<Unit filename="src/burn/drv/pre90s/d_kyugo.cpp" />
		<Unit filename="src/burn/drv/pre90s/d_ladybug.cpp" />
		<Unit filename="src/burn/drv/pre90s/d_lwings.cpp" />
		<Unit filename="src/burn/drv/pre90s/d_madgear.cpp" />
		<Unit filename="src/burn/drv/pre90s/d_marineb.cpp" />
		<Unit filename="src/burn/drv/pre90s/d_markham.cpp" />
		<Unit filename="src/burn/drv/pre90s/d_meijinsn.cpp" />
		<Unit filename="src/burn/drv/pre90s/d_mitchell.cpp" />
		<Unit filename="src/burn/drv/pre90s/d_mole.cpp" />
		<Unit filename="src/burn/drv/pre90s/d_momoko.cpp" />
		<Unit filename="src/burn/drv/pre90s/d_mrdo.cpp" />
		<Unit filename="src/burn/drv/pre90s/d_mrflea.cpp" />
		<Unit filename="src/burn/drv/pre90s/d_mystston.cpp" />
		<Unit filename="src/burn/drv/pre90s/d_pac2650.cpp" />
		<Unit filename="src/burn/drv/pre90s/d_pacland.cpp" />
		<Unit filename="src/burn/drv/pre90s/d_pacman.cpp" />
		<Unit filename="src/burn/drv/pre90s/d_pkunwar.cpp" />
		<Unit filename="src/burn/drv/pre90s/d_prehisle.cpp" />
		<Unit filename="src/burn/drv/pre90s/d_quizo.cpp" />
		<Unit filename="src/burn/drv/pre90s/d_rallyx.cpp" />
		<Unit filename="src/burn/drv/pre90s/d_renegade.cpp" />
		<Unit filename="src/burn/drv/pre90s/d_route16.cpp" />
		<Unit filename="src/burn/drv/pre90s/d_rpunch.cpp" />
		<Unit filename="src/burn/drv/pre90s/d_scregg.cpp" />
		<Unit filename="src/burn/drv/pre90s/d_sf.cpp" />
		<Unit filename="src/burn/drv/pre90s/d_skyfox.cpp" />
		<Unit filename="src/burn/drv/pre90s/d_skykid.cpp" />
		<Unit filename="src/burn/drv/pre90s/d_snk68.cpp" />
		<Unit filename="src/burn/drv/pre90s/d_solomon.cpp" />
		<Unit filename="src/burn/drv/pre90s/d_sonson.cpp" />
		<Unit filename="src/burn/drv/pre90s/d_srumbler.cpp" />
		<Unit filename="src/burn/drv/pre90s/d_tecmo.cpp" />
		<Unit filename="src/burn/drv/pre90s/d_terracre.cpp" />
		<Unit filename="src/burn/drv/pre90s/d_tigeroad.cpp" />
		<Unit filename="src/burn/drv/pre90s/d_toki.cpp" />
		<Unit filename="src/burn/drv/pre90s/d_vulgus.cpp" />
		<Unit filename="src/burn/drv/pre90s/d_wallc.cpp" />
		<Unit filename="src/burn/drv/pre90s/d_wc90.cpp" />
		<Unit filename="src/burn/drv/pre90s/d_wc90b.cpp" />
		<Unit filename="src/burn/drv/pre90s/d_wwfsstar.cpp" />
		<Unit filename="src/burn/drv/psikyo/d_psikyo.cpp" />
		<Unit filename="src/burn/drv/psikyo/d_psikyo4.cpp" />
		<Unit filename="src/burn/drv/psikyo/d_psikyosh.cpp" />
		<Unit filename="src/burn/drv/psikyo/psikyo.h">
			<Option target="release" />
			<Option target="Quick" />
		</Unit>
		<Unit filename="src/burn/drv/psikyo/psikyo_palette.cpp" />
		<Unit filename="src/burn/drv/psikyo/psikyo_render.h">
			<Option target="release" />
			<Option target="Quick" />
		</Unit>
		<Unit filename="src/burn/drv/psikyo/psikyo_sprite.cpp" />
		<Unit filename="src/burn/drv/psikyo/psikyo_sprite_func.h">
			<Option target="release" />
			<Option target="Quick" />
		</Unit>
		<Unit filename="src/burn/drv/psikyo/psikyo_tile.cpp" />
		<Unit filename="src/burn/drv/psikyo/psikyosh_render.cpp" />
		<Unit filename="src/burn/drv/psikyo/psikyosh_render.h">
			<Option target="release" />
			<Option target="Quick" />
		</Unit>
		<Unit filename="src/burn/drv/pst90s/d_1945kiii.cpp" />
		<Unit filename="src/burn/drv/pst90s/d_aerofgt.cpp" />
		<Unit filename="src/burn/drv/pst90s/d_airbustr.cpp" />
		<Unit filename="src/burn/drv/pst90s/d_aquarium.cpp" />
		<Unit filename="src/burn/drv/pst90s/d_blmbycar.cpp" />
		<Unit filename="src/burn/drv/pst90s/d_bloodbro.cpp" />
		<Unit filename="src/burn/drv/pst90s/d_crospang.cpp" />
		<Unit filename="src/burn/drv/pst90s/d_crshrace.cpp" />
		<Unit filename="src/burn/drv/pst90s/d_dcon.cpp" />
		<Unit filename="src/burn/drv/pst90s/d_ddragon3.cpp" />
		<Unit filename="src/burn/drv/pst90s/d_deniam.cpp" />
		<Unit filename="src/burn/drv/pst90s/d_diverboy.cpp" />
		<Unit filename="src/burn/drv/pst90s/d_drtomy.cpp" />
		<Unit filename="src/burn/drv/pst90s/d_egghunt.cpp" />
		<Unit filename="src/burn/drv/pst90s/d_esd16.cpp" />
		<Unit filename="src/burn/drv/pst90s/d_f1gp.cpp" />
		<Unit filename="src/burn/drv/pst90s/d_fstarfrc.cpp" />
		<Unit filename="src/burn/drv/pst90s/d_funybubl.cpp" />
		<Unit filename="src/burn/drv/pst90s/d_fuukifg3.cpp" />
		<Unit filename="src/burn/drv/pst90s/d_gaelco.cpp" />
		<Unit filename="src/burn/drv/pst90s/d_gaiden.cpp" />
		<Unit filename="src/burn/drv/pst90s/d_galpanic.cpp" />
		<Unit filename="src/burn/drv/pst90s/d_galspnbl.cpp" />
		<Unit filename="src/burn/drv/pst90s/d_gotcha.cpp" />
		<Unit filename="src/burn/drv/pst90s/d_gumbo.cpp" />
		<Unit filename="src/burn/drv/pst90s/d_hyperpac.cpp" />
		<Unit filename="src/burn/drv/pst90s/d_jchan.cpp" />
		<Unit filename="src/burn/drv/pst90s/d_kaneko16.cpp" />
		<Unit filename="src/burn/drv/pst90s/d_lordgun.cpp" />
		<Unit filename="src/burn/drv/pst90s/d_mcatadv.cpp" />
		<Unit filename="src/burn/drv/pst90s/d_midas.cpp" />
		<Unit filename="src/burn/drv/pst90s/d_mugsmash.cpp" />
		<Unit filename="src/burn/drv/pst90s/d_news.cpp" />
		<Unit filename="src/burn/drv/pst90s/d_nmg5.cpp" />
		<Unit filename="src/burn/drv/pst90s/d_nmk16.cpp" />
		<Unit filename="src/burn/drv/pst90s/d_ohmygod.cpp" />
		<Unit filename="src/burn/drv/pst90s/d_pass.cpp" />
		<Unit filename="src/burn/drv/pst90s/d_pirates.cpp" />
		<Unit filename="src/burn/drv/pst90s/d_powerins.cpp" />
		<Unit filename="src/burn/drv/pst90s/d_pushman.cpp" />
		<Unit filename="src/burn/drv/pst90s/d_raiden.cpp" />
		<Unit filename="src/burn/drv/pst90s/d_seta.cpp" />
		<Unit filename="src/burn/drv/pst90s/d_seta2.cpp" />
		<Unit filename="src/burn/drv/pst90s/d_shadfrce.cpp" />
		<Unit filename="src/burn/drv/pst90s/d_silkroad.cpp" />
		<Unit filename="src/burn/drv/pst90s/d_speedspn.cpp" />
		<Unit filename="src/burn/drv/pst90s/d_suna16.cpp" />
		<Unit filename="src/burn/drv/pst90s/d_suprnova.cpp" />
		<Unit filename="src/burn/drv/pst90s/d_taotaido.cpp" />
		<Unit filename="src/burn/drv/pst90s/d_tecmosys.cpp" />
		<Unit filename="src/burn/drv/pst90s/d_tumbleb.cpp" />
		<Unit filename="src/burn/drv/pst90s/d_unico.cpp" />
		<Unit filename="src/burn/drv/pst90s/d_vmetal.cpp" />
		<Unit filename="src/burn/drv/pst90s/d_welltris.cpp" />
		<Unit filename="src/burn/drv/pst90s/d_wwfwfest.cpp" />
		<Unit filename="src/burn/drv/pst90s/d_xorworld.cpp" />
		<Unit filename="src/burn/drv/pst90s/d_yunsun16.cpp" />
		<Unit filename="src/burn/drv/pst90s/d_zerozone.cpp" />
		<Unit filename="src/burn/drv/pst90s/kanekotb.h" />
		<Unit filename="src/burn/drv/pst90s/nmk004.cpp" />
		<Unit filename="src/burn/drv/pst90s/nmk004.h" />
		<Unit filename="src/burn/drv/sega/d_angelkds.cpp" />
		<Unit filename="src/burn/drv/sega/d_bankp.cpp" />
		<Unit filename="src/burn/drv/sega/d_dotrikun.cpp" />
		<Unit filename="src/burn/drv/sega/d_hangon.cpp" />
		<Unit filename="src/burn/drv/sega/d_outrun.cpp" />
		<Unit filename="src/burn/drv/sega/d_suprloco.cpp" />
		<Unit filename="src/burn/drv/sega/d_sys1.cpp" />
		<Unit filename="src/burn/drv/sega/d_sys16a.cpp" />
		<Unit filename="src/burn/drv/sega/d_sys16b.cpp" />
		<Unit filename="src/burn/drv/sega/d_sys18.cpp" />
		<Unit filename="src/burn/drv/sega/d_xbrd.cpp" />
		<Unit filename="src/burn/drv/sega/d_ybrd.cpp" />
		<Unit filename="src/burn/drv/sega/fd1089.cpp" />
		<Unit filename="src/burn/drv/sega/fd1094.cpp" />
		<Unit filename="src/burn/drv/sega/fd1094.h" />
		<Unit filename="src/burn/drv/sega/genesis_vid.cpp" />
		<Unit filename="src/burn/drv/sega/genesis_vid.h" />
		<Unit filename="src/burn/drv/sega/mc8123.cpp" />
		<Unit filename="src/burn/drv/sega/mc8123.h" />
		<Unit filename="src/burn/drv/sega/sys16.h" />
		<Unit filename="src/burn/drv/sega/sys16_fd1094.cpp" />
		<Unit filename="src/burn/drv/sega/sys16_gfx.cpp" />
		<Unit filename="src/burn/drv/sega/sys16_run.cpp" />
		<Unit filename="src/burn/drv/snes/d_snes.cpp" />
		<Unit filename="src/burn/drv/snes/snes.h" />
		<Unit filename="src/burn/drv/snes/snes_65816.cpp" />
		<Unit filename="src/burn/drv/snes/snes_io.cpp" />
		<Unit filename="src/burn/drv/snes/snes_main.cpp" />
		<Unit filename="src/burn/drv/snes/snes_mem.cpp" />
		<Unit filename="src/burn/drv/snes/snes_ppu.cpp" />
		<Unit filename="src/burn/drv/snes/snes_spc700.cpp" />
		<Unit filename="src/burn/drv/taito/cchip.cpp" />
		<Unit filename="src/burn/drv/taito/d_arkanoid.cpp" />
		<Unit filename="src/burn/drv/taito/d_ashnojoe.cpp" />
		<Unit filename="src/burn/drv/taito/d_asuka.cpp" />
		<Unit filename="src/burn/drv/taito/d_bublbobl.cpp" />
		<Unit filename="src/burn/drv/taito/d_chaknpop.cpp" />
		<Unit filename="src/burn/drv/taito/d_darius2.cpp" />
		<Unit filename="src/burn/drv/taito/d_flstory.cpp" />
		<Unit filename="src/burn/drv/taito/d_lkage.cpp" />
		<Unit filename="src/burn/drv/taito/d_minivdr.cpp" />
		<Unit filename="src/burn/drv/taito/d_othunder.cpp" />
		<Unit filename="src/burn/drv/taito/d_retofinv.cpp" />
		<Unit filename="src/burn/drv/taito/d_slapshot.cpp" />
		<Unit filename="src/burn/drv/taito/d_superchs.cpp" />
		<Unit filename="src/burn/drv/taito/d_taitob.cpp" />
		<Unit filename="src/burn/drv/taito/d_taitof2.cpp" />
		<Unit filename="src/burn/drv/taito/d_taitomisc.cpp" />
		<Unit filename="src/burn/drv/taito/d_taitox.cpp" />
		<Unit filename="src/burn/drv/taito/d_taitoz.cpp" />
		<Unit filename="src/burn/drv/taito/d_tnzs.cpp" />
		<Unit filename="src/burn/drv/taito/pc080sn.cpp" />
		<Unit filename="src/burn/drv/taito/pc090oj.cpp" />
		<Unit filename="src/burn/drv/taito/taito.cpp" />
		<Unit filename="src/burn/drv/taito/taito.h" />
		<Unit filename="src/burn/drv/taito/taito_ic.cpp" />
		<Unit filename="src/burn/drv/taito/taito_ic.h" />
		<Unit filename="src/burn/drv/taito/taito_m68705.cpp" />
		<Unit filename="src/burn/drv/taito/taito_m68705.h" />
		<Unit filename="src/burn/drv/taito/tc0100scn.cpp" />
		<Unit filename="src/burn/drv/taito/tc0110pcr.cpp" />
		<Unit filename="src/burn/drv/taito/tc0140syt.cpp" />
		<Unit filename="src/burn/drv/taito/tc0150rod.cpp" />
		<Unit filename="src/burn/drv/taito/tc0180vcu.cpp" />
		<Unit filename="src/burn/drv/taito/tc0220ioc.cpp" />
		<Unit filename="src/burn/drv/taito/tc0280grd.cpp" />
		<Unit filename="src/burn/drv/taito/tc0360pri.cpp" />
		<Unit filename="src/burn/drv/taito/tc0480scp.cpp" />
		<Unit filename="src/burn/drv/taito/tc0510nio.cpp" />
		<Unit filename="src/burn/drv/taito/tc0640fio.cpp" />
		<Unit filename="src/burn/drv/taito/tnzs_prot.cpp" />
		<Unit filename="src/burn/drv/taito/tnzs_prot.h" />
		<Unit filename="src/burn/drv/toaplan/d_batrider.cpp" />
		<Unit filename="src/burn/drv/toaplan/d_batsugun.cpp" />
		<Unit filename="src/burn/drv/toaplan/d_battleg.cpp" />
		<Unit filename="src/burn/drv/toaplan/d_bbakraid.cpp" />
		<Unit filename="src/burn/drv/toaplan/d_demonwld.cpp" />
		<Unit filename="src/burn/drv/toaplan/d_dogyuun.cpp" />
		<Unit filename="src/burn/drv/toaplan/d_fixeight.cpp" />
		<Unit filename="src/burn/drv/toaplan/d_ghox.cpp" />
		<Unit filename="src/burn/drv/toaplan/d_hellfire.cpp" />
		<Unit filename="src/burn/drv/toaplan/d_kbash.cpp" />
		<Unit filename="src/burn/drv/toaplan/d_kbash2.cpp" />
		<Unit filename="src/burn/drv/toaplan/d_mahoudai.cpp" />
		<Unit filename="src/burn/drv/toaplan/d_outzone.cpp" />
		<Unit filename="src/burn/drv/toaplan/d_pipibibs.cpp" />
		<Unit filename="src/burn/drv/toaplan/d_rallybik.cpp" />
		<Unit filename="src/burn/drv/toaplan/d_samesame.cpp" />
		<Unit filename="src/burn/drv/toaplan/d_shippumd.cpp" />
		<Unit filename="src/burn/drv/toaplan/d_snowbro2.cpp" />
		<Unit filename="src/burn/drv/toaplan/d_tekipaki.cpp" />
		<Unit filename="src/burn/drv/toaplan/d_tigerheli.cpp" />
		<Unit filename="src/burn/drv/toaplan/d_truxton.cpp" />
		<Unit filename="src/burn/drv/toaplan/d_truxton2.cpp" />
		<Unit filename="src/burn/drv/toaplan/d_vfive.cpp" />
		<Unit filename="src/burn/drv/toaplan/d_vimana.cpp" />
		<Unit filename="src/burn/drv/toaplan/d_zerowing.cpp" />
		<Unit filename="src/burn/drv/toaplan/toa_bcu2.cpp" />
		<Unit filename="src/burn/drv/toaplan/toa_extratext.cpp" />
		<Unit filename="src/burn/drv/toaplan/toa_extratext.h" />
		<Unit filename="src/burn/drv/toaplan/toa_gp9001.cpp" />
		<Unit filename="src/burn/drv/toaplan/toa_gp9001_render.h" />
		<Unit filename="src/burn/drv/toaplan/toa_palette.cpp" />
		<Unit filename="src/burn/drv/toaplan/toaplan.cpp" />
		<Unit filename="src/burn/drv/toaplan/toaplan.h" />
		<Unit filename="src/burn/drv/toaplan/toaplan1.cpp" />
		<Unit filename="src/burn/hiscore.cpp" />
		<Unit filename="src/burn/hiscore.h" />
		<Unit filename="src/burn/load.cpp" />
		<Unit filename="src/burn/snd/ay8910.c">
			<Option compilerVar="CC" />
		</Unit>
		<Unit filename="src/burn/snd/ay8910.h" />
		<Unit filename="src/burn/snd/burn_y8950.cpp" />
		<Unit filename="src/burn/snd/burn_y8950.h" />
		<Unit filename="src/burn/snd/burn_ym2151.cpp" />
		<Unit filename="src/burn/snd/burn_ym2151.h" />
		<Unit filename="src/burn/snd/burn_ym2203.cpp" />
		<Unit filename="src/burn/snd/burn_ym2203.h" />
		<Unit filename="src/burn/snd/burn_ym2413.cpp" />
		<Unit filename="src/burn/snd/burn_ym2413.h" />
		<Unit filename="src/burn/snd/burn_ym2608.cpp" />
		<Unit filename="src/burn/snd/burn_ym2608.h" />
		<Unit filename="src/burn/snd/burn_ym2610.cpp" />
		<Unit filename="src/burn/snd/burn_ym2610.h" />
		<Unit filename="src/burn/snd/burn_ym2612.cpp" />
		<Unit filename="src/burn/snd/burn_ym2612.h" />
		<Unit filename="src/burn/snd/burn_ym3526.cpp" />
		<Unit filename="src/burn/snd/burn_ym3526.h" />
		<Unit filename="src/burn/snd/burn_ym3812.cpp" />
		<Unit filename="src/burn/snd/burn_ym3812.h" />
		<Unit filename="src/burn/snd/burn_ymf278b.cpp" />
		<Unit filename="src/burn/snd/burn_ymf278b.h" />
		<Unit filename="src/burn/snd/c6280.cpp" />
		<Unit filename="src/burn/snd/c6280.h" />
		<Unit filename="src/burn/snd/dac.cpp" />
		<Unit filename="src/burn/snd/dac.h" />
		<Unit filename="src/burn/snd/es5506.cpp" />
		<Unit filename="src/burn/snd/es5506.h" />
		<Unit filename="src/burn/snd/es8712.cpp" />
		<Unit filename="src/burn/snd/es8712.h" />
		<Unit filename="src/burn/snd/fm.c">
			<Option compilerVar="CC" />
		</Unit>
		<Unit filename="src/burn/snd/fm.h" />
		<Unit filename="src/burn/snd/fmopl.c">
			<Option compilerVar="CC" />
		</Unit>
		<Unit filename="src/burn/snd/fmopl.h" />
		<Unit filename="src/burn/snd/ics2115.cpp" />
		<Unit filename="src/burn/snd/ics2115.h" />
		<Unit filename="src/burn/snd/iremga20.cpp" />
		<Unit filename="src/burn/snd/iremga20.h" />
		<Unit filename="src/burn/snd/k007232.cpp" />
		<Unit filename="src/burn/snd/k007232.h" />
		<Unit filename="src/burn/snd/k051649.cpp" />
		<Unit filename="src/burn/snd/k051649.h" />
		<Unit filename="src/burn/snd/k053260.cpp" />
		<Unit filename="src/burn/snd/k053260.h" />
		<Unit filename="src/burn/snd/k054539.cpp" />
		<Unit filename="src/burn/snd/k054539.h" />
		<Unit filename="src/burn/snd/msm5205.cpp" />
		<Unit filename="src/burn/snd/msm5205.h" />
		<Unit filename="src/burn/snd/msm6295.cpp" />
		<Unit filename="src/burn/snd/msm6295.h" />
		<Unit filename="src/burn/snd/namco_snd.cpp" />
		<Unit filename="src/burn/snd/namco_snd.h" />
		<Unit filename="src/burn/snd/rf5c68.cpp" />
		<Unit filename="src/burn/snd/rf5c68.h" />
		<Unit filename="src/burn/snd/saa1099.cpp" />
		<Unit filename="src/burn/snd/saa1099.h" />
		<Unit filename="src/burn/snd/samples.cpp" />
		<Unit filename="src/burn/snd/samples.h" />
		<Unit filename="src/burn/snd/segapcm.cpp" />
		<Unit filename="src/burn/snd/segapcm.h" />
		<Unit filename="src/burn/snd/sn76496.cpp" />
		<Unit filename="src/burn/snd/sn76496.h" />
		<Unit filename="src/burn/snd/upd7759.cpp" />
		<Unit filename="src/burn/snd/upd7759.h" />
		<Unit filename="src/burn/snd/x1010.cpp" />
		<Unit filename="src/burn/snd/x1010.h" />
		<Unit filename="src/burn/snd/ym2151.c">
			<Option compilerVar="CC" />
		</Unit>
		<Unit filename="src/burn/snd/ym2151.h" />
		<Unit filename="src/burn/snd/ym2413.c">
			<Option compilerVar="CC" />
		</Unit>
		<Unit filename="src/burn/snd/ym2413.h" />
		<Unit filename="src/burn/snd/ymdeltat.c">
			<Option compilerVar="CC" />
		</Unit>
		<Unit filename="src/burn/snd/ymdeltat.h" />
		<Unit filename="src/burn/snd/ymf278b.c">
			<Option compilerVar="CC" />
		</Unit>
		<Unit filename="src/burn/snd/ymf278b.h" />
		<Unit filename="src/burn/snd/ymz280b.cpp" />
		<Unit filename="src/burn/snd/ymz280b.h" />
		<Unit filename="src/burn/state.h" />
		<Unit filename="src/burn/stdfunc.h" />
		<Unit filename="src/burn/tiles_generic.cpp" />
		<Unit filename="src/burn/tiles_generic.h" />
		<Unit filename="src/burn/timer.cpp" />
		<Unit filename="src/burn/timer.h" />
		<Unit filename="src/burn/vector.cpp" />
		<Unit filename="src/burn/vector.h" />
		<Unit filename="src/burn/version.h" />
		<Unit filename="src/burner/burner.h" />
		<Unit filename="src/burner/conc.cpp" />
		<Unit filename="src/burner/dat.cpp" />
		<Unit filename="src/burner/image.cpp" />
		<Unit filename="src/burner/ioapi.c">
			<Option compilerVar="CC" />
		</Unit>
		<Unit filename="src/burner/ioapi.h" />
		<Unit filename="src/burner/misc.cpp" />
		<Unit filename="src/burner/neocdlist.h" />
		<Unit filename="src/burner/sdl/burner_sdl.h" />
		<Unit filename="src/burner/sdl/bzip.cpp" />
		<Unit filename="src/burner/sdl/config.cpp" />
		<Unit filename="src/burner/sdl/drv.cpp" />
		<Unit filename="src/burner/sdl/stated.cpp" />
		<Unit filename="src/burner/sdl/stringset.cpp" />
		<Unit filename="src/burner/sdl/support_paths.cpp" />
		<Unit filename="src/burner/sdl/tchar.h" />
		<Unit filename="src/burner/sshot.cpp" />
		<Unit filename="src/burner/state.cpp" />
		<Unit filename="src/burner/statec.cpp" />
		<Unit filename="src/burner/title.h" />
		<Unit filename="src/burner/unzip.c">
			<Option compilerVar="CC" />
		</Unit>
		<Unit filename="src/burner/unzip.h" />
		<Unit filename="src/burner/win32/neocdlist.cpp" />
		<Unit filename="src/burner/zipfn.cpp" />
		<Unit filename="src/cpu/arm/arm.cpp" />
		<Unit filename="src/cpu/arm7/arm7.cpp" />
		<Unit filename="src/cpu/arm7/arm7core.h" />
		<Unit filename="src/cpu/arm7_intf.cpp" />
		<Unit filename="src/cpu/arm7_intf.h" />
		<Unit filename="src/cpu/arm_intf.cpp" />
		<Unit filename="src/cpu/arm_intf.h" />
		<Unit filename="src/cpu/cyclone/cyclone.h" />
		<Unit filename="src/cpu/cyclone/cyclone.s" />
		<Unit filename="src/cpu/davez80/davez80.h" />
		<Unit filename="src/cpu/davez80/davez80.s" />
		<Unit filename="src/cpu/drz80/DrZ80.h" />
		<Unit filename="src/cpu/drz80/DrZ80.s" />
		<Unit filename="src/cpu/h6280/h6280.cpp" />
		<Unit filename="src/cpu/h6280/h6280.h" />
		<Unit filename="src/cpu/h6280/h6280ops.h" />
		<Unit filename="src/cpu/h6280_intf.cpp" />
		<Unit filename="src/cpu/h6280_intf.h" />
		<Unit filename="src/cpu/hd6309/hd6309.cpp" />
		<Unit filename="src/cpu/hd6309/hd6309.h" />
		<Unit filename="src/cpu/hd6309_intf.cpp" />
		<Unit filename="src/cpu/hd6309_intf.h" />
		<Unit filename="src/cpu/i8039/i8039.cpp" />
		<Unit filename="src/cpu/i8039/i8039.h" />
		<Unit filename="src/cpu/konami/konami.cpp" />
		<Unit filename="src/cpu/konami/konami.h" />
		<Unit filename="src/cpu/konami_intf.cpp" />
		<Unit filename="src/cpu/konami_intf.h" />
		<Unit filename="src/cpu/m6502/ill02.h" />
		<Unit filename="src/cpu/m6502/m6502.cpp" />
		<Unit filename="src/cpu/m6502/m6502.h" />
		<Unit filename="src/cpu/m6502/ops02.h" />
		<Unit filename="src/cpu/m6502/opsc02.h" />
		<Unit filename="src/cpu/m6502/opsn2a03.h" />
		<Unit filename="src/cpu/m6502_intf.cpp" />
		<Unit filename="src/cpu/m6502_intf.h" />
		<Unit filename="src/cpu/m6800/m6800.cpp" />
		<Unit filename="src/cpu/m6800/m6800.h" />
		<Unit filename="src/cpu/m6800_intf.cpp" />
		<Unit filename="src/cpu/m6800_intf.h" />
		<Unit filename="src/cpu/m6805/m6805.cpp" />
		<Unit filename="src/cpu/m6805/m6805.h" />
		<Unit filename="src/cpu/m6805_intf.cpp" />
		<Unit filename="src/cpu/m6805_intf.h" />
		<Unit filename="src/cpu/m6809/m6809.cpp" />
		<Unit filename="src/cpu/m6809/m6809.h" />
		<Unit filename="src/cpu/m6809_intf.cpp" />
		<Unit filename="src/cpu/m6809_intf.h" />
		<Unit filename="src/cpu/m68k/m68k.h" />
		<Unit filename="src/cpu/m68k/m68kconf.h" />
		<Unit filename="src/cpu/m68k/m68kcpu.c">
			<Option compilerVar="CC" />
		</Unit>
		<Unit filename="src/cpu/m68k/m68kcpu.h" />
		<Unit filename="src/cpu/m68k/m68kopac.c">
			<Option compilerVar="CC" />
		</Unit>
		<Unit filename="src/cpu/m68k/m68kopdm.c">
			<Option compilerVar="CC" />
		</Unit>
		<Unit filename="src/cpu/m68k/m68kopnz.c">
			<Option compilerVar="CC" />
		</Unit>
		<Unit filename="src/cpu/m68k/m68kops.c">
			<Option compilerVar="CC" />
		</Unit>
		<Unit filename="src/cpu/nec/nec.cpp" />
		<Unit filename="src/cpu/nec/nec.h" />
		<Unit filename="src/cpu/nec/necea.h" />
		<Unit filename="src/cpu/nec/necinstr.h" />
		<Unit filename="src/cpu/nec/necmacro.h" />
		<Unit filename="src/cpu/nec/necmodrm.h" />
		<Unit filename="src/cpu/nec/necpriv.h" />
		<Unit filename="src/cpu/nec/v25.cpp" />
		<Unit filename="src/cpu/nec/v25instr.h" />
		<Unit filename="src/cpu/nec/v25priv.h" />
		<Unit filename="src/cpu/s2650/s2650.cpp" />
		<Unit filename="src/cpu/s2650/s2650.h" />
		<Unit filename="src/cpu/s2650_intf.cpp" />
		<Unit filename="src/cpu/s2650_intf.h" />
		<Unit filename="src/cpu/sek.cpp" />
		<Unit filename="src/cpu/sek.h" />
		<Unit filename="src/cpu/sekdebug.h" />
		<Unit filename="src/cpu/sh2/sh2.cpp" />
		<Unit filename="src/cpu/sh2/sh2.h" />
		<Unit filename="src/cpu/vez.cpp" />
		<Unit filename="src/cpu/vez.h" />
		<Unit filename="src/cpu/z80/z80.cpp" />
		<Unit filename="src/cpu/z80/z80.h">
			<Option target="release" />
			<Option target="Quick" />
		</Unit>
		<Unit filename="src/cpu/z80/z80daisy.cpp" />
		<Unit filename="src/cpu/z80/z80daisy.h">
			<Option target="release" />
			<Option target="Quick" />
		</Unit>
		<Unit filename="src/cpu/zet.cpp" />
		<Unit filename="src/cpu/zet.h" />
		<Unit filename="src/ezxaudio.cpp" />
		<Unit filename="src/fba_player.cpp" />
		<Unit filename="src/font.cpp" />
		<Unit filename="src/gamewidget.cpp" />
		<Unit filename="src/input.cpp" />
		<Unit filename="src/intf/cd/cd_interface.cpp" />
		<Unit filename="src/intf/interface.cpp" />
		<Unit filename="src/main.cpp" />
		<Unit filename="src/pandorasdk.cpp" />
		<Unit filename="src/run.cpp" />
		<Unit filename="src/snd.cpp" />
		<Unit filename="src/usbjoy.c">
			<Option compilerVar="CC" />
		</Unit>
		<Extensions>
			<code_completion />
			<debugger />
		</Extensions>
	</Project>
</CodeBlocks_project_file>
